
Microsoft Visual Studio Solution File, Format Version 12.00
# Visual Studio Version 16
VisualStudioVersion = 16.0.30128.74
MinimumVisualStudioVersion = 10.0.40219.1
Project("{FAE04EC0-301F-11D3-BF4B-00C04F79EFBC}") = "webapi", "webapi\webapi.csproj", "{52B53F09-C7F6-4E55-A2AA-5CDD2194A1EA}"
EndProject
Project("{FAE04EC0-301F-11D3-BF4B-00C04F79EFBC}") = "ProductService", "ProductService\ProductService.csproj", "{0C39E125-A47F-42E5-BBA8-61FE03BEB441}"
EndProject
Project("{FAE04EC0-301F-11D3-BF4B-00C04F79EFBC}") = "UserService", "UserService\UserService.csproj", "{366BF060-CEE0-48D8-A375-6EA995CC4A81}"
EndProject
Global
	GlobalSection(SolutionConfigurationPlatforms) = preSolution
		Debug|Any CPU = Debug|Any CPU
		Release|Any CPU = Release|Any CPU
	EndGlobalSection
	GlobalSection(ProjectConfigurationPlatforms) = postSolution
		{52B53F09-C7F6-4E55-A2AA-5CDD2194A1EA}.Debug|Any CPU.ActiveCfg = Debug|Any CPU
		{52B53F09-C7F6-4E55-A2AA-5CDD2194A1EA}.Debug|Any CPU.Build.0 = Debug|Any CPU
		{52B53F09-C7F6-4E55-A2AA-5CDD2194A1EA}.Release|Any CPU.ActiveCfg = Release|Any CPU
		{52B53F09-C7F6-4E55-A2AA-5CDD2194A1EA}.Release|Any CPU.Build.0 = Release|Any CPU
		{0C39E125-A47F-42E5-BBA8-61FE03BEB441}.Debug|Any CPU.ActiveCfg = Debug|Any CPU
		{0C39E125-A47F-42E5-BBA8-61FE03BEB441}.Debug|Any CPU.Build.0 = Debug|Any CPU
		{0C39E125-A47F-42E5-BBA8-61FE03BEB441}.Release|Any CPU.ActiveCfg = Release|Any CPU
		{0C39E125-A47F-42E5-BBA8-61FE03BEB441}.Release|Any CPU.Build.0 = Release|Any CPU
		{366BF060-CEE0-48D8-A375-6EA995CC4A81}.Debug|Any CPU.ActiveCfg = Debug|Any CPU
		{366BF060-CEE0-48D8-A375-6EA995CC4A81}.Debug|Any CPU.Build.0 = Debug|Any CPU
		{366BF060-CEE0-48D8-A375-6EA995CC4A81}.Release|Any CPU.ActiveCfg = Release|Any CPU
		{366BF060-CEE0-48D8-A375-6EA995CC4A81}.Release|Any CPU.Build.0 = Release|Any CPU
	EndGlobalSection
	GlobalSection(SolutionProperties) = preSolution
		HideSolutionNode = FALSE
	EndGlobalSection
	GlobalSection(ExtensibilityGlobals) = postSolution
		SolutionGuid = {1017BDB3-51F0-4381-9703-CF30015C61C8}
	EndGlobalSection
EndGlobal
